# THIS IS AN AUTOGENERATED FILE. DO NOT EDIT THIS FILE DIRECTLY.
# yarn lockfile v1


argparse@~1.0.3:
  version "1.0.10"
  resolved "https://registry.npmjs.org/argparse/-/argparse-1.0.10.tgz"
  integrity sha512-o5Roy6tNG4SL/FOkCAN6RzjiakZS25RLYFrcMttJqbdd8BWrnA+fGz57iN5Pb06pvBGvl5gQ0B48dJlslXvoTg==
  dependencies:
    sprintf-js "~1.0.2"

asynckit@^0.4.0:
  version "0.4.0"
  resolved "https://registry.yarnpkg.com/asynckit/-/asynckit-0.4.0.tgz#c79ed97f7f34cb8f2ba1bc9790bcc366474b4b79"
  integrity sha1-x57Zf380y48robyXkLzDZkdLS3k=

bluebird@~3.4.0:
  version "3.4.7"
  resolved "https://registry.npmjs.org/bluebird/-/bluebird-3.4.7.tgz"
  integrity sha1-9y12C+Cbf3bQjtj66Ysomo0F+rM=

combined-stream@^1.0.8:
  version "1.0.8"
  resolved "https://registry.yarnpkg.com/combined-stream/-/combined-stream-1.0.8.tgz#c3d45a8b34fd730631a110a8a2520682b31d5a7f"
  integrity sha512-FQN4MRfuJeHf7cBbBMJFXhKSDq+2kAArBlmRBvcvFE5BB1HZKXtSFASDhdlz9zOYwxh8lDdnvmMOe/+5cdoEdg==
  dependencies:
    delayed-stream "~1.0.0"

commander@^8.1.0:
  version "8.1.0"
  resolved "https://registry.npmjs.org/commander/-/commander-8.1.0.tgz"
  integrity sha512-mf45ldcuHSYShkplHHGKWb4TrmwQadxOn7v4WuhDJy0ZVoY5JFajaRDKD0PNe5qXzBX0rhovjTnP6Kz9LETcuA==

delayed-stream@~1.0.0:
  version "1.0.0"
  resolved "https://registry.yarnpkg.com/delayed-stream/-/delayed-stream-1.0.0.tgz#df3ae199acadfb7d440aaae0b29e2272b24ec619"
  integrity sha1-3zrhmayt+31ECqrgsp4icrJOxhk=

dingbat-to-unicode@^1.0.1:
  version "1.0.1"
  resolved "https://registry.npmjs.org/dingbat-to-unicode/-/dingbat-to-unicode-1.0.1.tgz"
  integrity sha512-98l0sW87ZT58pU4i61wa2OHwxbiYSbuxsCBozaVnYX2iCnr3bLM3fIes1/ej7h1YdOKuKt/MLs706TVnALA65w==

duck@^0.1.12:
  version "0.1.12"
  resolved "https://registry.npmjs.org/duck/-/duck-0.1.12.tgz"
  integrity sha512-wkctla1O6VfP89gQ+J/yDesM0S7B7XLXjKGzXxMDVFg7uEn706niAtyYovKbyq1oT9YwDcly721/iUWoc8MVRg==
  dependencies:
    underscore "^1.13.1"

form-data@^4.0.0:
  version "4.0.0"
  resolved "https://registry.yarnpkg.com/form-data/-/form-data-4.0.0.tgz#93919daeaf361ee529584b9b31664dc12c9fa452"
  integrity sha512-ETEklSGi5t0QMZuiXoA/Q6vcnxcLQP5vdugSpuAyi6SVGi2clPPp+xgEhuMaHC+zGgn31Kd235W35f7Hykkaww==
  dependencies:
    asynckit "^0.4.0"
    combined-stream "^1.0.8"
    mime-types "^2.1.12"

fs@^0.0.1-security:
  version "0.0.1-security"
  resolved "https://registry.npmjs.org/fs/-/fs-0.0.1-security.tgz"
  integrity sha1-invTcYa23d84E/I4WLV+yq9eQdQ=

jszip@~2.5.0:
  version "2.5.0"
  resolved "https://registry.npmjs.org/jszip/-/jszip-2.5.0.tgz"
  integrity sha1-dET9hVHd8+XacZj+oMkbyDCMwnQ=
  dependencies:
    pako "~0.2.5"

lop@^0.4.1:
  version "0.4.1"
  resolved "https://registry.npmjs.org/lop/-/lop-0.4.1.tgz"
  integrity sha512-9xyho9why2A2tzm5aIcMWKvzqKsnxrf9B5I+8O30olh6lQU8PH978LqZoI4++37RBgS1Em5i54v1TFs/3wnmXQ==
  dependencies:
    duck "^0.1.12"
    option "~0.2.1"
    underscore "^1.13.1"

mammoth@^1.4.17:
  version "1.4.17"
  resolved "https://registry.npmjs.org/mammoth/-/mammoth-1.4.17.tgz"
  integrity sha512-/YTeOtKsrPWwFt6dufmqXyJEq4En1GXloU4cYU7x4nnIa51H6AIRelkSba/m+6Emg7rZwIxGxa1hg7S3dK8M9Q==
  dependencies:
    argparse "~1.0.3"
    bluebird "~3.4.0"
    dingbat-to-unicode "^1.0.1"
    jszip "~2.5.0"
    lop "^0.4.1"
    path-is-absolute "^1.0.0"
    sax "~1.1.1"
    underscore "^1.13.1"
    xmlbuilder "^10.0.0"

mime-db@1.49.0:
  version "1.49.0"
  resolved "https://registry.yarnpkg.com/mime-db/-/mime-db-1.49.0.tgz#f3dfde60c99e9cf3bc9701d687778f537001cbed"
  integrity sha512-CIc8j9URtOVApSFCQIF+VBkX1RwXp/oMMOrqdyXSBXq5RWNEsRfyj1kiRnQgmNXmHxPoFIxOroKA3zcU9P+nAA==

mime-types@^2.1.12:
  version "2.1.32"
  resolved "https://registry.yarnpkg.com/mime-types/-/mime-types-2.1.32.tgz#1d00e89e7de7fe02008db61001d9e02852670fd5"
  integrity sha512-hJGaVS4G4c9TSMYh2n6SQAGrC4RnfU+daP8G7cSCmaqNjiOoUY0VHCMS42pxnQmVF1GWwFhbHWn3RIxCqTmZ9A==
  dependencies:
    mime-db "1.49.0"

node-pandoc-promise@^0.0.6:
  version "0.0.6"
  resolved "https://registry.yarnpkg.com/node-pandoc-promise/-/node-pandoc-promise-0.0.6.tgz#8410de8e42ed966d570ea730a3c9f731a4dc7a1d"
  integrity sha512-3+8hezyBOaWqUWypHtfv8sPa0Yo0sE/KUvjLN1gm48wrwqG2B45fhgIU73H1adF33FXiXkPeTW3lw5cjicemdg==

node-pandoc@^0.3.0:
  version "0.3.0"
  resolved "https://registry.npmjs.org/node-pandoc/-/node-pandoc-0.3.0.tgz"
  integrity sha1-1GV3zQpyr0FTU/y4oBF622JC+cg=

option@~0.2.1:
  version "0.2.4"
  resolved "https://registry.npmjs.org/option/-/option-0.2.4.tgz"
  integrity sha1-/Udc35jcq7PLOXo7pShP60Xtv+Q=

pako@~0.2.5:
  version "0.2.9"
  resolved "https://registry.npmjs.org/pako/-/pako-0.2.9.tgz"
  integrity sha1-8/dSL073gjSNqBYbrZ7P1Rv4OnU=

path-is-absolute@^1.0.0:
  version "1.0.1"
  resolved "https://registry.npmjs.org/path-is-absolute/-/path-is-absolute-1.0.1.tgz"
  integrity sha1-F0uSaHNVNP+8es5r9TpanhtcX18=

sax@~1.1.1:
  version "1.1.6"
  resolved "https://registry.npmjs.org/sax/-/sax-1.1.6.tgz"
  integrity sha1-XWFr6KXmB9VOEUr65Vt+ry/MMkA=

sprintf-js@~1.0.2:
  version "1.0.3"
  resolved "https://registry.npmjs.org/sprintf-js/-/sprintf-js-1.0.3.tgz"
  integrity sha1-BOaSb2YolTVPPdAVIDYzuFcpfiw=

underscore@^1.13.1:
  version "1.13.1"
  resolved "https://registry.npmjs.org/underscore/-/underscore-1.13.1.tgz"
  integrity sha512-hzSoAVtJF+3ZtiFX0VgfFPHEDRm7Y/QPjGyNo4TVdnDTdft3tr8hEkD25a1jC+TjTuE7tkHGKkhwCgs9dgBB2g==

xmlbuilder@^10.0.0:
  version "10.1.1"
  resolved "https://registry.npmjs.org/xmlbuilder/-/xmlbuilder-10.1.1.tgz"
  integrity sha512-OyzrcFLL/nb6fMGHbiRDuPup9ljBycsdCypwuyg5AAHvyWzGfChJpCXMG88AGTIMFhGZ9RccFN1e6lhg3hkwKg==
